
Microsoft Visual Studio Solution File, Format Version 12.00
# Visual Studio 15
VisualStudioVersion = 15.0.28307.168
MinimumVisualStudioVersion = 10.0.40219.1
Project("{FAE04EC0-301F-11D3-BF4B-00C04F79EFBC}") = "HCI_Movies", "HCI_Movies\HCI_Movies.csproj", "{466A39CD-59B6-4BE4-B691-5956AF814082}"
EndProject
Global
	GlobalSection(SolutionConfigurationPlatforms) = preSolution
		Debug|Any CPU = Debug|Any CPU
		Release|Any CPU = Release|Any CPU
	EndGlobalSection
	GlobalSection(ProjectConfigurationPlatforms) = postSolution
		{466A39CD-59B6-4BE4-B691-5956AF814082}.Debug|Any CPU.ActiveCfg = Debug|Any CPU
		{466A39CD-59B6-4BE4-B691-5956AF814082}.Debug|Any CPU.Build.0 = Debug|Any CPU
		{466A39CD-59B6-4BE4-B691-5956AF814082}.Release|Any CPU.ActiveCfg = Release|Any CPU
		{466A39CD-59B6-4BE4-B691-5956AF814082}.Release|Any CPU.Build.0 = Release|Any CPU
	EndGlobalSection
	GlobalSection(SolutionProperties) = preSolution
		HideSolutionNode = FALSE
	EndGlobalSection
	GlobalSection(ExtensibilityGlobals) = postSolution
		SolutionGuid = {6F8003F1-31C4-49EE-A9A4-823C5D81BF82}
	EndGlobalSection
EndGlobal
